
Microsoft Visual Studio Solution File, Format Version 12.00
# Visual Studio Version 17
VisualStudioVersion = 17.10.35013.160
MinimumVisualStudioVersion = 10.0.40219.1
Project("{FAE04EC0-301F-11D3-BF4B-00C04F79EFBC}") = "FINSMART", "FINSMART.csproj", "{371B07A2-A70C-490C-9202-93991173CF3B}"
EndProject
Global
	GlobalSection(SolutionConfigurationPlatforms) = preSolution
		Debug|Any CPU = Debug|Any CPU
		Release|Any CPU = Release|Any CPU
	EndGlobalSection
	GlobalSection(ProjectConfigurationPlatforms) = postSolution
		{371B07A2-A70C-490C-9202-93991173CF3B}.Debug|Any CPU.ActiveCfg = Debug|Any CPU
		{371B07A2-A70C-490C-9202-93991173CF3B}.Debug|Any CPU.Build.0 = Debug|Any CPU
		{371B07A2-A70C-490C-9202-93991173CF3B}.Release|Any CPU.ActiveCfg = Release|Any CPU
		{371B07A2-A70C-490C-9202-93991173CF3B}.Release|Any CPU.Build.0 = Release|Any CPU
	EndGlobalSection
	GlobalSection(SolutionProperties) = preSolution
		HideSolutionNode = FALSE
	EndGlobalSection
	GlobalSection(ExtensibilityGlobals) = postSolution
		SolutionGuid = {2B479792-00E8-463E-AE09-CADAD423BF27}
	EndGlobalSection
EndGlobal
